
Microsoft Visual Studio Solution File, Format Version 12.00
# Visual Studio 15
VisualStudioVersion = 15.0.28010.2003
MinimumVisualStudioVersion = 10.0.40219.1
Project("{FAE04EC0-301F-11D3-BF4B-00C04F79EFBC}") = "Casino", "Casino\Casino.csproj", "{22099C43-9D69-4A60-99F6-FAD2FD31004F}"
EndProject
Global
	GlobalSection(SolutionConfigurationPlatforms) = preSolution
		Debug|Any CPU = Debug|Any CPU
		Release|Any CPU = Release|Any CPU
	EndGlobalSection
	GlobalSection(ProjectConfigurationPlatforms) = postSolution
		{22099C43-9D69-4A60-99F6-FAD2FD31004F}.Debug|Any CPU.ActiveCfg = Debug|Any CPU
		{22099C43-9D69-4A60-99F6-FAD2FD31004F}.Debug|Any CPU.Build.0 = Debug|Any CPU
		{22099C43-9D69-4A60-99F6-FAD2FD31004F}.Release|Any CPU.ActiveCfg = Release|Any CPU
		{22099C43-9D69-4A60-99F6-FAD2FD31004F}.Release|Any CPU.Build.0 = Release|Any CPU
	EndGlobalSection
	GlobalSection(SolutionProperties) = preSolution
		HideSolutionNode = FALSE
	EndGlobalSection
	GlobalSection(ExtensibilityGlobals) = postSolution
		SolutionGuid = {3C6358E3-9B27-463C-B7A3-B2C8FAB26384}
	EndGlobalSection
EndGlobal
